<?xml version="1.0" encoding="utf-8"?>
<Project ToolsVersion="4.0" xmlns="http://schemas.microsoft.com/developer/msbuild/2003">
  <ItemGroup>
    <Filter Include="Исходные файлы">
      <UniqueIdentifier>{4FC737F1-C7A5-4376-A066-2A32D752A2FF}</UniqueIdentifier>
      <Extensions>cpp;c;cc;cxx;c++;cppm;ixx;def;odl;idl;hpj;bat;asm;asmx</Extensions>
    </Filter>
    <Filter Include="Classes">
      <UniqueIdentifier>{4a239231-f683-40d3-b288-30ee6a2eb7ce}</UniqueIdentifier>
    </Filter>
    <Filter Include="Classes\Manager">
      <UniqueIdentifier>{fb5ec57d-94a5-458e-86e6-8a36aa340fad}</UniqueIdentifier>
    </Filter>
    <Filter Include="Classes\fileManager">
      <UniqueIdentifier>{a394cdf3-b8ac-48fa-8c20-155ddb0982a1}</UniqueIdentifier>
    </Filter>
    <Filter Include="Classes\connectionClass">
      <UniqueIdentifier>{0237bad0-b6b2-474e-9c25-f10241b7a538}</UniqueIdentifier>
    </Filter>
    <Filter Include="Classes\tickerClass">
      <UniqueIdentifier>{0f10e79c-d16d-4a78-8ea1-ffd991481075}</UniqueIdentifier>
    </Filter>
    <Filter Include="Classes\vehicleLogic">
      <UniqueIdentifier>{315c7710-94d9-4678-af56-dee7df242864}</UniqueIdentifier>
    </Filter>
    <Filter Include="Classes\vehicleLogic\vehicleClass">
      <UniqueIdentifier>{dbc002bc-0ce6-4422-8bf6-0b90b8861c94}</UniqueIdentifier>
    </Filter>
    <Filter Include="Classes\vehicleLogic\vehicleFactory">
      <UniqueIdentifier>{ae64df9f-1b3d-419f-bcc3-f897a3d06ebf}</UniqueIdentifier>
    </Filter>
    <Filter Include="Classes\vehicleLogic\vehicleManager">
      <UniqueIdentifier>{7344dec2-a85c-4cb8-8c95-086518f113c6}</UniqueIdentifier>
    </Filter>
    <Filter Include="Classes\pointLogic">
      <UniqueIdentifier>{bc5c00d9-4daf-4833-9c76-cb62257b7d06}</UniqueIdentifier>
    </Filter>
    <Filter Include="Classes\pointLogic\pointManager">
      <UniqueIdentifier>{f6d84152-99f9-4409-8274-c7b337dc70f9}</UniqueIdentifier>
    </Filter>
    <Filter Include="Classes\pointLogic\pointClass">
      <UniqueIdentifier>{1553a7df-8fd1-45c8-a973-6cd52a1f291a}</UniqueIdentifier>
    </Filter>
    <Filter Include="Classes\MovementStrategy">
      <UniqueIdentifier>{cc839816-2317-45eb-a78d-696e20caa01c}</UniqueIdentifier>
    </Filter>
    <Filter Include="Classes\pointLogic\pointFactory">
      <UniqueIdentifier>{2b80b875-c0de-4f2d-95e0-986d6169559d}</UniqueIdentifier>
    </Filter>
  </ItemGroup>
  <ItemGroup>
    <ClCompile Include="main.cpp">
      <Filter>Исходные файлы</Filter>
    </ClCompile>
    <ClCompile Include="pointClass.cpp">
      <Filter>Classes\pointLogic\pointClass</Filter>
    </ClCompile>
    <ClCompile Include="vehicleClass.cpp">
      <Filter>Classes\vehicleLogic\vehicleClass</Filter>
    </ClCompile>
    <ClCompile Include="Manager.cpp">
      <Filter>Classes\Manager</Filter>
    </ClCompile>
    <ClCompile Include="vehicleFactory.cpp">
      <Filter>Classes\vehicleLogic\vehicleFactory</Filter>
    </ClCompile>
    <ClCompile Include="fileManager.cpp">
      <Filter>Classes\fileManager</Filter>
    </ClCompile>
    <ClCompile Include="tickerClass.cpp">
      <Filter>Classes\tickerClass</Filter>
    </ClCompile>
    <ClCompile Include="movementStrategyClass.cpp">
      <Filter>Classes\MovementStrategy</Filter>
    </ClCompile>
    <ClCompile Include="connectionClass.cpp">
      <Filter>Classes\connectionClass</Filter>
    </ClCompile>
    <ClCompile Include="vehicleManager.cpp">
      <Filter>Classes\vehicleLogic\vehicleManager</Filter>
    </ClCompile>
    <ClCompile Include="pointManager.cpp">
      <Filter>Classes\pointLogic\pointManager</Filter>
    </ClCompile>
    <ClCompile Include="pointFactory.cpp">
      <Filter>Classes\pointLogic\pointFactory</Filter>
    </ClCompile>
  </ItemGroup>
  <ItemGroup>
    <ClInclude Include="pointClass.h">
      <Filter>Classes\pointLogic\pointClass</Filter>
    </ClInclude>
    <ClInclude Include="vehicleClass.h">
      <Filter>Classes\vehicleLogic\vehicleClass</Filter>
    </ClInclude>
    <ClInclude Include="Manager.h">
      <Filter>Classes\Manager</Filter>
    </ClInclude>
    <ClInclude Include="vehicleFactory.h">
      <Filter>Classes\vehicleLogic\vehicleFactory</Filter>
    </ClInclude>
    <ClInclude Include="fileManager.h">
      <Filter>Classes\fileManager</Filter>
    </ClInclude>
    <ClInclude Include="tickerClass.h">
      <Filter>Classes\tickerClass</Filter>
    </ClInclude>
    <ClInclude Include="movementStrategyClass.h">
      <Filter>Classes\MovementStrategy</Filter>
    </ClInclude>
    <ClInclude Include="connectionClass.h">
      <Filter>Classes\connectionClass</Filter>
    </ClInclude>
    <ClInclude Include="vehicleManager.h">
      <Filter>Classes\vehicleLogic\vehicleManager</Filter>
    </ClInclude>
    <ClInclude Include="pointManager.h">
      <Filter>Classes\pointLogic\pointManager</Filter>
    </ClInclude>
    <ClInclude Include="pointFactory.h">
      <Filter>Classes\pointLogic\pointFactory</Filter>
    </ClInclude>
  </ItemGroup>
</Project>