<?xml version="1.0" encoding="utf-8"?>
<Project ToolsVersion="4.0" xmlns="http://schemas.microsoft.com/developer/msbuild/2003">
  <ItemGroup>
    <Filter Include="Исходные файлы">
      <UniqueIdentifier>{4FC737F1-C7A5-4376-A066-2A32D752A2FF}</UniqueIdentifier>
      <Extensions>cpp;c;cc;cxx;c++;cppm;ixx;def;odl;idl;hpj;bat;asm;asmx</Extensions>
    </Filter>
    <Filter Include="Classes">
      <UniqueIdentifier>{4a239231-f683-40d3-b288-30ee6a2eb7ce}</UniqueIdentifier>
    </Filter>
    <Filter Include="Classes\pointClass">
      <UniqueIdentifier>{1553a7df-8fd1-45c8-a973-6cd52a1f291a}</UniqueIdentifier>
    </Filter>
    <Filter Include="Classes\vehicleClass">
      <UniqueIdentifier>{dbc002bc-0ce6-4422-8bf6-0b90b8861c94}</UniqueIdentifier>
    </Filter>
    <Filter Include="Classes\vehicleManagerClass">
      <UniqueIdentifier>{ae64df9f-1b3d-419f-bcc3-f897a3d06ebf}</UniqueIdentifier>
    </Filter>
    <Filter Include="Classes\Manager">
      <UniqueIdentifier>{fb5ec57d-94a5-458e-86e6-8a36aa340fad}</UniqueIdentifier>
    </Filter>
  </ItemGroup>
  <ItemGroup>
    <ClCompile Include="main.cpp">
      <Filter>Исходные файлы</Filter>
    </ClCompile>
    <ClCompile Include="pointClass.cpp">
      <Filter>Classes\pointClass</Filter>
    </ClCompile>
    <ClCompile Include="vehicleManager.cpp">
      <Filter>Classes\vehicleManagerClass</Filter>
    </ClCompile>
    <ClCompile Include="vehicleClass.cpp">
      <Filter>Classes\vehicleClass</Filter>
    </ClCompile>
    <ClCompile Include="Manager.cpp">
      <Filter>Classes\Manager</Filter>
    </ClCompile>
  </ItemGroup>
  <ItemGroup>
    <ClInclude Include="pointClass.h">
      <Filter>Classes\pointClass</Filter>
    </ClInclude>
    <ClInclude Include="vehicleManager.h">
      <Filter>Classes\vehicleManagerClass</Filter>
    </ClInclude>
    <ClInclude Include="vehicleClass.h">
      <Filter>Classes\vehicleClass</Filter>
    </ClInclude>
    <ClInclude Include="Manager.h">
      <Filter>Classes\Manager</Filter>
    </ClInclude>
  </ItemGroup>
</Project>