
Microsoft Visual Studio Solution File, Format Version 12.00
# Visual Studio Version 17
VisualStudioVersion = 17.7.34031.279
MinimumVisualStudioVersion = 10.0.40219.1
Project("{8BC9CEB8-8B4A-11D0-8D11-00A0C91BC942}") = "QtWidgetsApplication1", "QtWidgetsApplication1.vcxproj", "{45831C5C-BB9A-40AF-8656-6DDF040BDB46}"
EndProject
Global
	GlobalSection(SolutionConfigurationPlatforms) = preSolution
		Debug|x64 = Debug|x64
		Release|x64 = Release|x64
	EndGlobalSection
	GlobalSection(ProjectConfigurationPlatforms) = postSolution
		{45831C5C-BB9A-40AF-8656-6DDF040BDB46}.Debug|x64.ActiveCfg = Debug|x64
		{45831C5C-BB9A-40AF-8656-6DDF040BDB46}.Debug|x64.Build.0 = Debug|x64
		{45831C5C-BB9A-40AF-8656-6DDF040BDB46}.Release|x64.ActiveCfg = Release|x64
		{45831C5C-BB9A-40AF-8656-6DDF040BDB46}.Release|x64.Build.0 = Release|x64
	EndGlobalSection
	GlobalSection(SolutionProperties) = preSolution
		HideSolutionNode = FALSE
	EndGlobalSection
	GlobalSection(ExtensibilityGlobals) = postSolution
		SolutionGuid = {D74B8691-BAE2-4619-A0D0-715B8A66CECD}
	EndGlobalSection
EndGlobal
